
Microsoft Visual Studio Solution File, Format Version 12.00
# Visual Studio 15
VisualStudioVersion = 15.0.28307.106
MinimumVisualStudioVersion = 10.0.40219.1
Project("{FAE04EC0-301F-11D3-BF4B-00C04F79EFBC}") = "Gof.Patterns", "Gof.Patterns\Gof.Patterns.csproj", "{F4A93F57-9229-46A7-B327-75A0A4641D9F}"
EndProject
Project("{FAE04EC0-301F-11D3-BF4B-00C04F79EFBC}") = "Gof.Patterns.Test", "Gof.Patterns.Test\Gof.Patterns.Test.csproj", "{FA45F84B-9A08-4388-AC8A-EB8F89FF9C8F}"
EndProject
Global
	GlobalSection(SolutionConfigurationPlatforms) = preSolution
		Debug|Any CPU = Debug|Any CPU
		Release|Any CPU = Release|Any CPU
	EndGlobalSection
	GlobalSection(ProjectConfigurationPlatforms) = postSolution
		{F4A93F57-9229-46A7-B327-75A0A4641D9F}.Debug|Any CPU.ActiveCfg = Debug|Any CPU
		{F4A93F57-9229-46A7-B327-75A0A4641D9F}.Debug|Any CPU.Build.0 = Debug|Any CPU
		{F4A93F57-9229-46A7-B327-75A0A4641D9F}.Release|Any CPU.ActiveCfg = Release|Any CPU
		{F4A93F57-9229-46A7-B327-75A0A4641D9F}.Release|Any CPU.Build.0 = Release|Any CPU
		{FA45F84B-9A08-4388-AC8A-EB8F89FF9C8F}.Debug|Any CPU.ActiveCfg = Debug|Any CPU
		{FA45F84B-9A08-4388-AC8A-EB8F89FF9C8F}.Debug|Any CPU.Build.0 = Debug|Any CPU
		{FA45F84B-9A08-4388-AC8A-EB8F89FF9C8F}.Release|Any CPU.ActiveCfg = Release|Any CPU
		{FA45F84B-9A08-4388-AC8A-EB8F89FF9C8F}.Release|Any CPU.Build.0 = Release|Any CPU
	EndGlobalSection
	GlobalSection(SolutionProperties) = preSolution
		HideSolutionNode = FALSE
	EndGlobalSection
	GlobalSection(ExtensibilityGlobals) = postSolution
		SolutionGuid = {2C4F23BE-C71E-442B-B0E8-E8AD48B099A0}
	EndGlobalSection
EndGlobal
